
Microsoft Visual Studio Solution File, Format Version 12.00
# Visual Studio Version 17
VisualStudioVersion = 17.3.32929.385
MinimumVisualStudioVersion = 10.0.40219.1
Project("{FAE04EC0-301F-11D3-BF4B-00C04F79EFBC}") = "Auth", "Auth\Auth.csproj", "{67F4FD23-352E-4FC7-BFCA-951142A0C868}"
EndProject
Global
	GlobalSection(SolutionConfigurationPlatforms) = preSolution
		Debug|Any CPU = Debug|Any CPU
		Release|Any CPU = Release|Any CPU
	EndGlobalSection
	GlobalSection(ProjectConfigurationPlatforms) = postSolution
		{67F4FD23-352E-4FC7-BFCA-951142A0C868}.Debug|Any CPU.ActiveCfg = Debug|Any CPU
		{67F4FD23-352E-4FC7-BFCA-951142A0C868}.Debug|Any CPU.Build.0 = Debug|Any CPU
		{67F4FD23-352E-4FC7-BFCA-951142A0C868}.Release|Any CPU.ActiveCfg = Release|Any CPU
		{67F4FD23-352E-4FC7-BFCA-951142A0C868}.Release|Any CPU.Build.0 = Release|Any CPU
	EndGlobalSection
	GlobalSection(SolutionProperties) = preSolution
		HideSolutionNode = FALSE
	EndGlobalSection
	GlobalSection(ExtensibilityGlobals) = postSolution
		SolutionGuid = {F42F64F7-A732-447E-A26D-4FD59D6C9F57}
	EndGlobalSection
EndGlobal
